
Microsoft Visual Studio Solution File, Format Version 12.00
# Visual Studio Version 17
VisualStudioVersion = 17.11.35312.102
MinimumVisualStudioVersion = 10.0.40219.1
Project("{FAE04EC0-301F-11D3-BF4B-00C04F79EFBC}") = "ByteBank.Portal", "ByteBank.Portal\ByteBank.Portal.csproj", "{89CBEE09-8841-4E42-9CD3-DBD5DA276AFE}"
EndProject
Global
	GlobalSection(SolutionConfigurationPlatforms) = preSolution
		Debug|Any CPU = Debug|Any CPU
		Release|Any CPU = Release|Any CPU
	EndGlobalSection
	GlobalSection(ProjectConfigurationPlatforms) = postSolution
		{89CBEE09-8841-4E42-9CD3-DBD5DA276AFE}.Debug|Any CPU.ActiveCfg = Debug|Any CPU
		{89CBEE09-8841-4E42-9CD3-DBD5DA276AFE}.Debug|Any CPU.Build.0 = Debug|Any CPU
		{89CBEE09-8841-4E42-9CD3-DBD5DA276AFE}.Release|Any CPU.ActiveCfg = Release|Any CPU
		{89CBEE09-8841-4E42-9CD3-DBD5DA276AFE}.Release|Any CPU.Build.0 = Release|Any CPU
	EndGlobalSection
	GlobalSection(SolutionProperties) = preSolution
		HideSolutionNode = FALSE
	EndGlobalSection
	GlobalSection(ExtensibilityGlobals) = postSolution
		SolutionGuid = {39E3CD12-F35D-445B-8F23-4DD3168DA988}
	EndGlobalSection
EndGlobal
